
Microsoft Visual Studio Solution File, Format Version 12.00
# Visual Studio Version 16
VisualStudioVersion = 16.0.31911.196
MinimumVisualStudioVersion = 10.0.40219.1
Project("{FAE04EC0-301F-11D3-BF4B-00C04F79EFBC}") = "FileHandlingConsoleApp2", "FileHandlingConsoleApp2\FileHandlingConsoleApp2.csproj", "{84F2A367-51AB-477E-93F1-BA40050B0333}"
EndProject
Global
	GlobalSection(SolutionConfigurationPlatforms) = preSolution
		Debug|Any CPU = Debug|Any CPU
		Release|Any CPU = Release|Any CPU
	EndGlobalSection
	GlobalSection(ProjectConfigurationPlatforms) = postSolution
		{84F2A367-51AB-477E-93F1-BA40050B0333}.Debug|Any CPU.ActiveCfg = Debug|Any CPU
		{84F2A367-51AB-477E-93F1-BA40050B0333}.Debug|Any CPU.Build.0 = Debug|Any CPU
		{84F2A367-51AB-477E-93F1-BA40050B0333}.Release|Any CPU.ActiveCfg = Release|Any CPU
		{84F2A367-51AB-477E-93F1-BA40050B0333}.Release|Any CPU.Build.0 = Release|Any CPU
	EndGlobalSection
	GlobalSection(SolutionProperties) = preSolution
		HideSolutionNode = FALSE
	EndGlobalSection
	GlobalSection(ExtensibilityGlobals) = postSolution
		SolutionGuid = {2D53ACAF-5168-40C7-AC62-87DDAB13C5C3}
	EndGlobalSection
EndGlobal
