
Microsoft Visual Studio Solution File, Format Version 12.00
# Visual Studio Version 16
VisualStudioVersion = 16.0.31911.196
MinimumVisualStudioVersion = 10.0.40219.1
Project("{FAE04EC0-301F-11D3-BF4B-00C04F79EFBC}") = "Assignment2CSharp", "Assignment2CSharp\Assignment2CSharp.csproj", "{270F8A76-2DFF-4FF6-BFB3-A60A85F2EACF}"
EndProject
Global
	GlobalSection(SolutionConfigurationPlatforms) = preSolution
		Debug|Any CPU = Debug|Any CPU
		Release|Any CPU = Release|Any CPU
	EndGlobalSection
	GlobalSection(ProjectConfigurationPlatforms) = postSolution
		{270F8A76-2DFF-4FF6-BFB3-A60A85F2EACF}.Debug|Any CPU.ActiveCfg = Debug|Any CPU
		{270F8A76-2DFF-4FF6-BFB3-A60A85F2EACF}.Debug|Any CPU.Build.0 = Debug|Any CPU
		{270F8A76-2DFF-4FF6-BFB3-A60A85F2EACF}.Release|Any CPU.ActiveCfg = Release|Any CPU
		{270F8A76-2DFF-4FF6-BFB3-A60A85F2EACF}.Release|Any CPU.Build.0 = Release|Any CPU
	EndGlobalSection
	GlobalSection(SolutionProperties) = preSolution
		HideSolutionNode = FALSE
	EndGlobalSection
	GlobalSection(ExtensibilityGlobals) = postSolution
		SolutionGuid = {F1BD4165-C718-4C74-A1A2-66B22BBB1922}
	EndGlobalSection
EndGlobal
