
Microsoft Visual Studio Solution File, Format Version 12.00
# Visual Studio Version 16
VisualStudioVersion = 16.0.31911.196
MinimumVisualStudioVersion = 10.0.40219.1
Project("{FAE04EC0-301F-11D3-BF4B-00C04F79EFBC}") = "CopyArrayConsoleApp", "CopyArrayConsoleApp\CopyArrayConsoleApp.csproj", "{7589828D-C22E-4A3C-BA66-A52DDA0EBE33}"
EndProject
Global
	GlobalSection(SolutionConfigurationPlatforms) = preSolution
		Debug|Any CPU = Debug|Any CPU
		Release|Any CPU = Release|Any CPU
	EndGlobalSection
	GlobalSection(ProjectConfigurationPlatforms) = postSolution
		{7589828D-C22E-4A3C-BA66-A52DDA0EBE33}.Debug|Any CPU.ActiveCfg = Debug|Any CPU
		{7589828D-C22E-4A3C-BA66-A52DDA0EBE33}.Debug|Any CPU.Build.0 = Debug|Any CPU
		{7589828D-C22E-4A3C-BA66-A52DDA0EBE33}.Release|Any CPU.ActiveCfg = Release|Any CPU
		{7589828D-C22E-4A3C-BA66-A52DDA0EBE33}.Release|Any CPU.Build.0 = Release|Any CPU
	EndGlobalSection
	GlobalSection(SolutionProperties) = preSolution
		HideSolutionNode = FALSE
	EndGlobalSection
	GlobalSection(ExtensibilityGlobals) = postSolution
		SolutionGuid = {AC2DCE71-68E4-4C99-B303-5632F8B6BB4E}
	EndGlobalSection
EndGlobal
